
Microsoft Visual Studio Solution File, Format Version 12.00
# Visual Studio Version 17
VisualStudioVersion = 17.0.31717.71
MinimumVisualStudioVersion = 10.0.40219.1
Project("{FAE04EC0-301F-11D3-BF4B-00C04F79EFBC}") = "lab 3 part 4", "lab 3 part 4\lab 3 part 4.csproj", "{2535EF1E-454B-4659-8F50-DBC590A64179}"
EndProject
Global
	GlobalSection(SolutionConfigurationPlatforms) = preSolution
		Debug|Any CPU = Debug|Any CPU
		Release|Any CPU = Release|Any CPU
	EndGlobalSection
	GlobalSection(ProjectConfigurationPlatforms) = postSolution
		{2535EF1E-454B-4659-8F50-DBC590A64179}.Debug|Any CPU.ActiveCfg = Debug|Any CPU
		{2535EF1E-454B-4659-8F50-DBC590A64179}.Debug|Any CPU.Build.0 = Debug|Any CPU
		{2535EF1E-454B-4659-8F50-DBC590A64179}.Release|Any CPU.ActiveCfg = Release|Any CPU
		{2535EF1E-454B-4659-8F50-DBC590A64179}.Release|Any CPU.Build.0 = Release|Any CPU
	EndGlobalSection
	GlobalSection(SolutionProperties) = preSolution
		HideSolutionNode = FALSE
	EndGlobalSection
	GlobalSection(ExtensibilityGlobals) = postSolution
		SolutionGuid = {D81B2CF6-EC57-4976-BA1E-FA491D4E4FEA}
	EndGlobalSection
EndGlobal
